
Microsoft Visual Studio Solution File, Format Version 12.00
# Visual Studio 15
VisualStudioVersion = 15.0.28307.271
MinimumVisualStudioVersion = 10.0.40219.1
Project("{F184B08F-C81C-45F6-A57F-5ABD9991F28F}") = "ArranchadorCML", "ArranchadorCML\ArranchadorCML.vbproj", "{7CE7237A-8F6B-424D-89E0-5C26A5828366}"
EndProject
Global
	GlobalSection(SolutionConfigurationPlatforms) = preSolution
		Debug|Any CPU = Debug|Any CPU
		Release|Any CPU = Release|Any CPU
	EndGlobalSection
	GlobalSection(ProjectConfigurationPlatforms) = postSolution
		{7CE7237A-8F6B-424D-89E0-5C26A5828366}.Debug|Any CPU.ActiveCfg = Debug|Any CPU
		{7CE7237A-8F6B-424D-89E0-5C26A5828366}.Debug|Any CPU.Build.0 = Debug|Any CPU
		{7CE7237A-8F6B-424D-89E0-5C26A5828366}.Release|Any CPU.ActiveCfg = Release|Any CPU
		{7CE7237A-8F6B-424D-89E0-5C26A5828366}.Release|Any CPU.Build.0 = Release|Any CPU
	EndGlobalSection
	GlobalSection(SolutionProperties) = preSolution
		HideSolutionNode = FALSE
	EndGlobalSection
	GlobalSection(ExtensibilityGlobals) = postSolution
		SolutionGuid = {C323974F-4B1F-4D4F-AB5F-B2C3A494E4A7}
	EndGlobalSection
EndGlobal
